
Microsoft Visual Studio Solution File, Format Version 12.00
# Visual Studio Version 17
VisualStudioVersion = 17.10.35013.160
MinimumVisualStudioVersion = 10.0.40219.1
Project("{FAE04EC0-301F-11D3-BF4B-00C04F79EFBC}") = "KnilaAssessMent_APIs", "KnilaAssessMent_APIs.csproj", "{5C8DF40D-9A71-4256-BC6C-7D9646074200}"
EndProject
Global
	GlobalSection(SolutionConfigurationPlatforms) = preSolution
		Debug|Any CPU = Debug|Any CPU
		Release|Any CPU = Release|Any CPU
	EndGlobalSection
	GlobalSection(ProjectConfigurationPlatforms) = postSolution
		{5C8DF40D-9A71-4256-BC6C-7D9646074200}.Debug|Any CPU.ActiveCfg = Debug|Any CPU
		{5C8DF40D-9A71-4256-BC6C-7D9646074200}.Debug|Any CPU.Build.0 = Debug|Any CPU
		{5C8DF40D-9A71-4256-BC6C-7D9646074200}.Release|Any CPU.ActiveCfg = Release|Any CPU
		{5C8DF40D-9A71-4256-BC6C-7D9646074200}.Release|Any CPU.Build.0 = Release|Any CPU
	EndGlobalSection
	GlobalSection(SolutionProperties) = preSolution
		HideSolutionNode = FALSE
	EndGlobalSection
	GlobalSection(ExtensibilityGlobals) = postSolution
		SolutionGuid = {D0CC2CE1-F29E-46DE-B144-C05DAD922C56}
	EndGlobalSection
EndGlobal
